// !$*UTF8*$!
{
	archiveVersion = 1;
	classes = {
	};
	objectVersion = 50;
	objects = {

/* Begin PBXBuildFile section */
		68987EF92152DEC800101D23 /* AppDelegate.swift in Sources */ = {isa = PBXBuildFile; fileRef = 68987EF82152DEC800101D23 /* AppDelegate.swift */; };
		68987F012152DEC800101D23 /* SimpleGallery.xcdatamodeld in Sources */ = {isa = PBXBuildFile; fileRef = 68987EFF2152DEC800101D23 /* SimpleGallery.xcdatamodeld */; };
		68987F032152DEC900101D23 /* Assets.xcassets in Resources */ = {isa = PBXBuildFile; fileRef = 68987F022152DEC900101D23 /* Assets.xcassets */; };
		68987F062152DEC900101D23 /* LaunchScreen.storyboard in Resources */ = {isa = PBXBuildFile; fileRef = 68987F042152DEC900101D23 /* LaunchScreen.storyboard */; };
		68987F142152E05800101D23 /* BaseCoordinator.swift in Sources */ = {isa = PBXBuildFile; fileRef = 68987F132152E05800101D23 /* BaseCoordinator.swift */; };
		68987F162152E06900101D23 /* ViewControllerType.swift in Sources */ = {isa = PBXBuildFile; fileRef = 68987F152152E06900101D23 /* ViewControllerType.swift */; };
		68987F182152E08B00101D23 /* ViewModelProtocol.swift in Sources */ = {isa = PBXBuildFile; fileRef = 68987F172152E08B00101D23 /* ViewModelProtocol.swift */; };
		68987F1C2152E1A300101D23 /* NetworkManager.swift in Sources */ = {isa = PBXBuildFile; fileRef = 68987F1B2152E1A300101D23 /* NetworkManager.swift */; };
		68987F1E2152E1C900101D23 /* Result.swift in Sources */ = {isa = PBXBuildFile; fileRef = 68987F1D2152E1C900101D23 /* Result.swift */; };
		68987F202152E27A00101D23 /* GalleryAPI.swift in Sources */ = {isa = PBXBuildFile; fileRef = 68987F1F2152E27A00101D23 /* GalleryAPI.swift */; };
		68987F232152E36E00101D23 /* Constants.swift in Sources */ = {isa = PBXBuildFile; fileRef = 68987F222152E36E00101D23 /* Constants.swift */; };
		68987F252152E39000101D23 /* APIConstants.swift in Sources */ = {isa = PBXBuildFile; fileRef = 68987F242152E39000101D23 /* APIConstants.swift */; };
		68987F272152E40400101D23 /* MoyaNetworkManager.swift in Sources */ = {isa = PBXBuildFile; fileRef = 68987F262152E40400101D23 /* MoyaNetworkManager.swift */; };
		68987F292152E7B300101D23 /* AlbumsViewController.swift in Sources */ = {isa = PBXBuildFile; fileRef = 68987F282152E7B300101D23 /* AlbumsViewController.swift */; };
		68987F2B2152E7C300101D23 /* AlbumsViewModel.swift in Sources */ = {isa = PBXBuildFile; fileRef = 68987F2A2152E7C300101D23 /* AlbumsViewModel.swift */; };
		68987F2D2152E7D200101D23 /* AlbumsCoordinator.swift in Sources */ = {isa = PBXBuildFile; fileRef = 68987F2C2152E7D200101D23 /* AlbumsCoordinator.swift */; };
		68987F2F2152F15E00101D23 /* AppCoordinator.swift in Sources */ = {isa = PBXBuildFile; fileRef = 68987F2E2152F15E00101D23 /* AppCoordinator.swift */; };
		68987F322152F72600101D23 /* Album.swift in Sources */ = {isa = PBXBuildFile; fileRef = 68987F312152F72600101D23 /* Album.swift */; };
		68987F342152F93900101D23 /* AlbumViewModel.swift in Sources */ = {isa = PBXBuildFile; fileRef = 68987F332152F93900101D23 /* AlbumViewModel.swift */; };
		68987F382153043D00101D23 /* AlbumTableViewCell.swift in Sources */ = {isa = PBXBuildFile; fileRef = 68987F362153043D00101D23 /* AlbumTableViewCell.swift */; };
		68987F392153043D00101D23 /* AlbumTableViewCell.xib in Resources */ = {isa = PBXBuildFile; fileRef = 68987F372153043D00101D23 /* AlbumTableViewCell.xib */; };
		68987F3F215307D600101D23 /* NibFilesNames.swift in Sources */ = {isa = PBXBuildFile; fileRef = 68987F3E215307D600101D23 /* NibFilesNames.swift */; };
		68987F9E2155893B00101D23 /* Photo.swift in Sources */ = {isa = PBXBuildFile; fileRef = 68987F9D2155893B00101D23 /* Photo.swift */; };
		68987FA221558E9100101D23 /* PhotoViewModel.swift in Sources */ = {isa = PBXBuildFile; fileRef = 68987FA121558E9100101D23 /* PhotoViewModel.swift */; };
		68987FA421558E9C00101D23 /* PhotosViewController.swift in Sources */ = {isa = PBXBuildFile; fileRef = 68987FA321558E9C00101D23 /* PhotosViewController.swift */; };
		68987FA621558EAA00101D23 /* PhotosViewModel.swift in Sources */ = {isa = PBXBuildFile; fileRef = 68987FA521558EAA00101D23 /* PhotosViewModel.swift */; };
		68987FAA215594E600101D23 /* PhotoCollectionViewCell.swift in Sources */ = {isa = PBXBuildFile; fileRef = 68987FA8215594E600101D23 /* PhotoCollectionViewCell.swift */; };
		68987FAB215594E600101D23 /* PhotoCollectionViewCell.xib in Resources */ = {isa = PBXBuildFile; fileRef = 68987FA9215594E600101D23 /* PhotoCollectionViewCell.xib */; };
		68987FAE21559FDB00101D23 /* SDWebImageHelper.swift in Sources */ = {isa = PBXBuildFile; fileRef = 68987FAD21559FDB00101D23 /* SDWebImageHelper.swift */; };
		68987FB52155AF6800101D23 /* PhotosCoordinator.swift in Sources */ = {isa = PBXBuildFile; fileRef = 68987FB42155AF6800101D23 /* PhotosCoordinator.swift */; };
		DD59DB23C419E2A7B3291CA0 /* Pods_SimpleGallery.framework in Frameworks */ = {isa = PBXBuildFile; fileRef = D4BEB774806AA1EC67090900 /* Pods_SimpleGallery.framework */; };
/* End PBXBuildFile section */

/* Begin PBXFileReference section */
		143CA781B4CCA909DA04797D /* Pods-SimpleGallery.debug.xcconfig */ = {isa = PBXFileReference; includeInIndex = 1; lastKnownFileType = text.xcconfig; name = "Pods-SimpleGallery.debug.xcconfig"; path = "Pods/Target Support Files/Pods-SimpleGallery/Pods-SimpleGallery.debug.xcconfig"; sourceTree = "<group>"; };
		68987EF52152DEC800101D23 /* SimpleGallery.app */ = {isa = PBXFileReference; explicitFileType = wrapper.application; includeInIndex = 0; path = SimpleGallery.app; sourceTree = BUILT_PRODUCTS_DIR; };
		68987EF82152DEC800101D23 /* AppDelegate.swift */ = {isa = PBXFileReference; lastKnownFileType = sourcecode.swift; path = AppDelegate.swift; sourceTree = "<group>"; };
		68987F002152DEC800101D23 /* SimpleGallery.xcdatamodel */ = {isa = PBXFileReference; lastKnownFileType = wrapper.xcdatamodel; path = SimpleGallery.xcdatamodel; sourceTree = "<group>"; };
		68987F022152DEC900101D23 /* Assets.xcassets */ = {isa = PBXFileReference; lastKnownFileType = folder.assetcatalog; path = Assets.xcassets; sourceTree = "<group>"; };
		68987F052152DEC900101D23 /* Base */ = {isa = PBXFileReference; lastKnownFileType = file.storyboard; name = Base; path = Base.lproj/LaunchScreen.storyboard; sourceTree = "<group>"; };
		68987F072152DEC900101D23 /* Info.plist */ = {isa = PBXFileReference; lastKnownFileType = text.plist.xml; path = Info.plist; sourceTree = "<group>"; };
		68987F132152E05800101D23 /* BaseCoordinator.swift */ = {isa = PBXFileReference; lastKnownFileType = sourcecode.swift; path = BaseCoordinator.swift; sourceTree = "<group>"; };
		68987F152152E06900101D23 /* ViewControllerType.swift */ = {isa = PBXFileReference; lastKnownFileType = sourcecode.swift; path = ViewControllerType.swift; sourceTree = "<group>"; };
		68987F172152E08B00101D23 /* ViewModelProtocol.swift */ = {isa = PBXFileReference; lastKnownFileType = sourcecode.swift; path = ViewModelProtocol.swift; sourceTree = "<group>"; };
		68987F1B2152E1A300101D23 /* NetworkManager.swift */ = {isa = PBXFileReference; lastKnownFileType = sourcecode.swift; path = NetworkManager.swift; sourceTree = "<group>"; };
		68987F1D2152E1C900101D23 /* Result.swift */ = {isa = PBXFileReference; lastKnownFileType = sourcecode.swift; path = Result.swift; sourceTree = "<group>"; };
		68987F1F2152E27A00101D23 /* GalleryAPI.swift */ = {isa = PBXFileReference; lastKnownFileType = sourcecode.swift; path = GalleryAPI.swift; sourceTree = "<group>"; };
		68987F222152E36E00101D23 /* Constants.swift */ = {isa = PBXFileReference; lastKnownFileType = sourcecode.swift; path = Constants.swift; sourceTree = "<group>"; };
		68987F242152E39000101D23 /* APIConstants.swift */ = {isa = PBXFileReference; lastKnownFileType = sourcecode.swift; path = APIConstants.swift; sourceTree = "<group>"; };
		68987F262152E40400101D23 /* MoyaNetworkManager.swift */ = {isa = PBXFileReference; lastKnownFileType = sourcecode.swift; path = MoyaNetworkManager.swift; sourceTree = "<group>"; };
		68987F282152E7B300101D23 /* AlbumsViewController.swift */ = {isa = PBXFileReference; lastKnownFileType = sourcecode.swift; path = AlbumsViewController.swift; sourceTree = "<group>"; };
		68987F2A2152E7C300101D23 /* AlbumsViewModel.swift */ = {isa = PBXFileReference; lastKnownFileType = sourcecode.swift; path = AlbumsViewModel.swift; sourceTree = "<group>"; };
		68987F2C2152E7D200101D23 /* AlbumsCoordinator.swift */ = {isa = PBXFileReference; lastKnownFileType = sourcecode.swift; path = AlbumsCoordinator.swift; sourceTree = "<group>"; };
		68987F2E2152F15E00101D23 /* AppCoordinator.swift */ = {isa = PBXFileReference; lastKnownFileType = sourcecode.swift; path = AppCoordinator.swift; sourceTree = "<group>"; };
		68987F312152F72600101D23 /* Album.swift */ = {isa = PBXFileReference; lastKnownFileType = sourcecode.swift; path = Album.swift; sourceTree = "<group>"; };
		68987F332152F93900101D23 /* AlbumViewModel.swift */ = {isa = PBXFileReference; lastKnownFileType = sourcecode.swift; path = AlbumViewModel.swift; sourceTree = "<group>"; };
		68987F362153043D00101D23 /* AlbumTableViewCell.swift */ = {isa = PBXFileReference; lastKnownFileType = sourcecode.swift; path = AlbumTableViewCell.swift; sourceTree = "<group>"; };
		68987F372153043D00101D23 /* AlbumTableViewCell.xib */ = {isa = PBXFileReference; lastKnownFileType = file.xib; path = AlbumTableViewCell.xib; sourceTree = "<group>"; };
		68987F3E215307D600101D23 /* NibFilesNames.swift */ = {isa = PBXFileReference; lastKnownFileType = sourcecode.swift; path = NibFilesNames.swift; sourceTree = "<group>"; };
		68987F9D2155893B00101D23 /* Photo.swift */ = {isa = PBXFileReference; lastKnownFileType = sourcecode.swift; path = Photo.swift; sourceTree = "<group>"; };
		68987FA121558E9100101D23 /* PhotoViewModel.swift */ = {isa = PBXFileReference; lastKnownFileType = sourcecode.swift; path = PhotoViewModel.swift; sourceTree = "<group>"; };
		68987FA321558E9C00101D23 /* PhotosViewController.swift */ = {isa = PBXFileReference; lastKnownFileType = sourcecode.swift; path = PhotosViewController.swift; sourceTree = "<group>"; };
		68987FA521558EAA00101D23 /* PhotosViewModel.swift */ = {isa = PBXFileReference; lastKnownFileType = sourcecode.swift; path = PhotosViewModel.swift; sourceTree = "<group>"; };
		68987FA8215594E600101D23 /* PhotoCollectionViewCell.swift */ = {isa = PBXFileReference; lastKnownFileType = sourcecode.swift; path = PhotoCollectionViewCell.swift; sourceTree = "<group>"; };
		68987FA9215594E600101D23 /* PhotoCollectionViewCell.xib */ = {isa = PBXFileReference; lastKnownFileType = file.xib; path = PhotoCollectionViewCell.xib; sourceTree = "<group>"; };
		68987FAD21559FDB00101D23 /* SDWebImageHelper.swift */ = {isa = PBXFileReference; lastKnownFileType = sourcecode.swift; path = SDWebImageHelper.swift; sourceTree = "<group>"; };
		68987FB42155AF6800101D23 /* PhotosCoordinator.swift */ = {isa = PBXFileReference; lastKnownFileType = sourcecode.swift; path = PhotosCoordinator.swift; sourceTree = "<group>"; };
		77DD3951E1D17679B48C46C7 /* Pods-SimpleGallery.release.xcconfig */ = {isa = PBXFileReference; includeInIndex = 1; lastKnownFileType = text.xcconfig; name = "Pods-SimpleGallery.release.xcconfig"; path = "Pods/Target Support Files/Pods-SimpleGallery/Pods-SimpleGallery.release.xcconfig"; sourceTree = "<group>"; };
		D4BEB774806AA1EC67090900 /* Pods_SimpleGallery.framework */ = {isa = PBXFileReference; explicitFileType = wrapper.framework; includeInIndex = 0; path = Pods_SimpleGallery.framework; sourceTree = BUILT_PRODUCTS_DIR; };
/* End PBXFileReference section */

/* Begin PBXFrameworksBuildPhase section */
		68987EF22152DEC800101D23 /* Frameworks */ = {
			isa = PBXFrameworksBuildPhase;
			buildActionMask = 2147483647;
			files = (
				DD59DB23C419E2A7B3291CA0 /* Pods_SimpleGallery.framework in Frameworks */,
			);
			runOnlyForDeploymentPostprocessing = 0;
		};
/* End PBXFrameworksBuildPhase section */

/* Begin PBXGroup section */
		3EE7B8D5606FA5F70ACD772C /* Frameworks */ = {
			isa = PBXGroup;
			children = (
				D4BEB774806AA1EC67090900 /* Pods_SimpleGallery.framework */,
			);
			name = Frameworks;
			sourceTree = "<group>";
		};
		68987EEC2152DEC700101D23 = {
			isa = PBXGroup;
			children = (
				68987EF72152DEC800101D23 /* SimpleGallery */,
				68987EF62152DEC800101D23 /* Products */,
				7C7EA783D72D368C350951AB /* Pods */,
				3EE7B8D5606FA5F70ACD772C /* Frameworks */,
			);
			sourceTree = "<group>";
		};
		68987EF62152DEC800101D23 /* Products */ = {
			isa = PBXGroup;
			children = (
				68987EF52152DEC800101D23 /* SimpleGallery.app */,
			);
			name = Products;
			sourceTree = "<group>";
		};
		68987EF72152DEC800101D23 /* SimpleGallery */ = {
			isa = PBXGroup;
			children = (
				68987FB12155AC3700101D23 /* Utils */,
				68987F302152F71800101D23 /* DomainModels */,
				68987F212152E35B00101D23 /* Skeleton */,
				68987F192152E18100101D23 /* NetworkManager */,
				68987F122152E04300101D23 /* BaseLayer */,
				68987FAC21559FC600101D23 /* Helpers */,
				68987F0E2152DFE900101D23 /* UseCases */,
				68987F0D2152DF6E00101D23 /* App */,
				68987F022152DEC900101D23 /* Assets.xcassets */,
				68987F042152DEC900101D23 /* LaunchScreen.storyboard */,
				68987F072152DEC900101D23 /* Info.plist */,
				68987EFF2152DEC800101D23 /* SimpleGallery.xcdatamodeld */,
			);
			path = SimpleGallery;
			sourceTree = "<group>";
		};
		68987F0D2152DF6E00101D23 /* App */ = {
			isa = PBXGroup;
			children = (
				68987EF82152DEC800101D23 /* AppDelegate.swift */,
				68987F2E2152F15E00101D23 /* AppCoordinator.swift */,
			);
			path = App;
			sourceTree = "<group>";
		};
		68987F0E2152DFE900101D23 /* UseCases */ = {
			isa = PBXGroup;
			children = (
				68987F112152DFFE00101D23 /* Albums */,
				68987F102152DFF800101D23 /* Photos */,
				68987F0F2152DFF000101D23 /* PhotoDetails */,
			);
			path = UseCases;
			sourceTree = "<group>";
		};
		68987F0F2152DFF000101D23 /* PhotoDetails */ = {
			isa = PBXGroup;
			children = (
			);
			path = PhotoDetails;
			sourceTree = "<group>";
		};
		68987F102152DFF800101D23 /* Photos */ = {
			isa = PBXGroup;
			children = (
				68987FA7215594C800101D23 /* Views */,
				68987FB02155A2E800101D23 /* SubViewModels */,
				68987FB42155AF6800101D23 /* PhotosCoordinator.swift */,
				68987FA521558EAA00101D23 /* PhotosViewModel.swift */,
				68987FA321558E9C00101D23 /* PhotosViewController.swift */,
			);
			path = Photos;
			sourceTree = "<group>";
		};
		68987F112152DFFE00101D23 /* Albums */ = {
			isa = PBXGroup;
			children = (
				68987F352153042100101D23 /* Views */,
				68987FAF2155A2D700101D23 /* SubViewModels */,
				68987F2C2152E7D200101D23 /* AlbumsCoordinator.swift */,
				68987F2A2152E7C300101D23 /* AlbumsViewModel.swift */,
				68987F282152E7B300101D23 /* AlbumsViewController.swift */,
			);
			path = Albums;
			sourceTree = "<group>";
		};
		68987F122152E04300101D23 /* BaseLayer */ = {
			isa = PBXGroup;
			children = (
				68987F1D2152E1C900101D23 /* Result.swift */,
				68987F132152E05800101D23 /* BaseCoordinator.swift */,
				68987F152152E06900101D23 /* ViewControllerType.swift */,
				68987F172152E08B00101D23 /* ViewModelProtocol.swift */,
			);
			path = BaseLayer;
			sourceTree = "<group>";
		};
		68987F192152E18100101D23 /* NetworkManager */ = {
			isa = PBXGroup;
			children = (
				68987F1F2152E27A00101D23 /* GalleryAPI.swift */,
				68987F1B2152E1A300101D23 /* NetworkManager.swift */,
				68987F262152E40400101D23 /* MoyaNetworkManager.swift */,
			);
			path = NetworkManager;
			sourceTree = "<group>";
		};
		68987F212152E35B00101D23 /* Skeleton */ = {
			isa = PBXGroup;
			children = (
				68987F222152E36E00101D23 /* Constants.swift */,
				68987F242152E39000101D23 /* APIConstants.swift */,
				68987F3E215307D600101D23 /* NibFilesNames.swift */,
			);
			path = Skeleton;
			sourceTree = "<group>";
		};
		68987F302152F71800101D23 /* DomainModels */ = {
			isa = PBXGroup;
			children = (
				68987F312152F72600101D23 /* Album.swift */,
				68987F9D2155893B00101D23 /* Photo.swift */,
			);
			path = DomainModels;
			sourceTree = "<group>";
		};
		68987F352153042100101D23 /* Views */ = {
			isa = PBXGroup;
			children = (
				68987F362153043D00101D23 /* AlbumTableViewCell.swift */,
				68987F372153043D00101D23 /* AlbumTableViewCell.xib */,
			);
			path = Views;
			sourceTree = "<group>";
		};
		68987FA7215594C800101D23 /* Views */ = {
			isa = PBXGroup;
			children = (
				68987FA8215594E600101D23 /* PhotoCollectionViewCell.swift */,
				68987FA9215594E600101D23 /* PhotoCollectionViewCell.xib */,
			);
			path = Views;
			sourceTree = "<group>";
		};
		68987FAC21559FC600101D23 /* Helpers */ = {
			isa = PBXGroup;
			children = (
				68987FAD21559FDB00101D23 /* SDWebImageHelper.swift */,
			);
			path = Helpers;
			sourceTree = "<group>";
		};
		68987FAF2155A2D700101D23 /* SubViewModels */ = {
			isa = PBXGroup;
			children = (
				68987F332152F93900101D23 /* AlbumViewModel.swift */,
			);
			path = SubViewModels;
			sourceTree = "<group>";
		};
		68987FB02155A2E800101D23 /* SubViewModels */ = {
			isa = PBXGroup;
			children = (
				68987FA121558E9100101D23 /* PhotoViewModel.swift */,
			);
			path = SubViewModels;
			sourceTree = "<group>";
		};
		68987FB12155AC3700101D23 /* Utils */ = {
			isa = PBXGroup;
			children = (
			);
			path = Utils;
			sourceTree = "<group>";
		};
		7C7EA783D72D368C350951AB /* Pods */ = {
			isa = PBXGroup;
			children = (
				143CA781B4CCA909DA04797D /* Pods-SimpleGallery.debug.xcconfig */,
				77DD3951E1D17679B48C46C7 /* Pods-SimpleGallery.release.xcconfig */,
			);
			name = Pods;
			sourceTree = "<group>";
		};
/* End PBXGroup section */

/* Begin PBXNativeTarget section */
		68987EF42152DEC800101D23 /* SimpleGallery */ = {
			isa = PBXNativeTarget;
			buildConfigurationList = 68987F0A2152DEC900101D23 /* Build configuration list for PBXNativeTarget "SimpleGallery" */;
			buildPhases = (
				81AA5EEE60262062DF088E3A /* [CP] Check Pods Manifest.lock */,
				68987EF12152DEC800101D23 /* Sources */,
				68987EF22152DEC800101D23 /* Frameworks */,
				68987EF32152DEC800101D23 /* Resources */,
				224F1C12A85DC98BC89076CF /* [CP] Embed Pods Frameworks */,
			);
			buildRules = (
			);
			dependencies = (
			);
			name = SimpleGallery;
			productName = SimpleGallery;
			productReference = 68987EF52152DEC800101D23 /* SimpleGallery.app */;
			productType = "com.apple.product-type.application";
		};
/* End PBXNativeTarget section */

/* Begin PBXProject section */
		68987EED2152DEC700101D23 /* Project object */ = {
			isa = PBXProject;
			attributes = {
				LastSwiftUpdateCheck = 0940;
				LastUpgradeCheck = 0940;
				ORGANIZATIONNAME = "Mohamed Abdul-Hameed";
				TargetAttributes = {
					68987EF42152DEC800101D23 = {
						CreatedOnToolsVersion = 9.4.1;
					};
				};
			};
			buildConfigurationList = 68987EF02152DEC700101D23 /* Build configuration list for PBXProject "SimpleGallery" */;
			compatibilityVersion = "Xcode 9.3";
			developmentRegion = en;
			hasScannedForEncodings = 0;
			knownRegions = (
				en,
				Base,
			);
			mainGroup = 68987EEC2152DEC700101D23;
			productRefGroup = 68987EF62152DEC800101D23 /* Products */;
			projectDirPath = "";
			projectRoot = "";
			targets = (
				68987EF42152DEC800101D23 /* SimpleGallery */,
			);
		};
/* End PBXProject section */

/* Begin PBXResourcesBuildPhase section */
		68987EF32152DEC800101D23 /* Resources */ = {
			isa = PBXResourcesBuildPhase;
			buildActionMask = 2147483647;
			files = (
				68987F062152DEC900101D23 /* LaunchScreen.storyboard in Resources */,
				68987FAB215594E600101D23 /* PhotoCollectionViewCell.xib in Resources */,
				68987F032152DEC900101D23 /* Assets.xcassets in Resources */,
				68987F392153043D00101D23 /* AlbumTableViewCell.xib in Resources */,
			);
			runOnlyForDeploymentPostprocessing = 0;
		};
/* End PBXResourcesBuildPhase section */

/* Begin PBXShellScriptBuildPhase section */
		224F1C12A85DC98BC89076CF /* [CP] Embed Pods Frameworks */ = {
			isa = PBXShellScriptBuildPhase;
			buildActionMask = 2147483647;
			files = (
			);
			inputPaths = (
				"${SRCROOT}/Pods/Target Support Files/Pods-SimpleGallery/Pods-SimpleGallery-frameworks.sh",
				"${BUILT_PRODUCTS_DIR}/Alamofire/Alamofire.framework",
				"${BUILT_PRODUCTS_DIR}/Moya/Moya.framework",
				"${BUILT_PRODUCTS_DIR}/Result/Result.framework",
				"${BUILT_PRODUCTS_DIR}/RxCocoa/RxCocoa.framework",
				"${BUILT_PRODUCTS_DIR}/RxSwift/RxSwift.framework",
				"${BUILT_PRODUCTS_DIR}/SDWebImage/SDWebImage.framework",
			);
			name = "[CP] Embed Pods Frameworks";
			outputPaths = (
				"${TARGET_BUILD_DIR}/${FRAMEWORKS_FOLDER_PATH}/Alamofire.framework",
				"${TARGET_BUILD_DIR}/${FRAMEWORKS_FOLDER_PATH}/Moya.framework",
				"${TARGET_BUILD_DIR}/${FRAMEWORKS_FOLDER_PATH}/Result.framework",
				"${TARGET_BUILD_DIR}/${FRAMEWORKS_FOLDER_PATH}/RxCocoa.framework",
				"${TARGET_BUILD_DIR}/${FRAMEWORKS_FOLDER_PATH}/RxSwift.framework",
				"${TARGET_BUILD_DIR}/${FRAMEWORKS_FOLDER_PATH}/SDWebImage.framework",
			);
			runOnlyForDeploymentPostprocessing = 0;
			shellPath = /bin/sh;
			shellScript = "\"${SRCROOT}/Pods/Target Support Files/Pods-SimpleGallery/Pods-SimpleGallery-frameworks.sh\"\n";
			showEnvVarsInLog = 0;
		};
		81AA5EEE60262062DF088E3A /* [CP] Check Pods Manifest.lock */ = {
			isa = PBXShellScriptBuildPhase;
			buildActionMask = 2147483647;
			files = (
			);
			inputPaths = (
				"${PODS_PODFILE_DIR_PATH}/Podfile.lock",
				"${PODS_ROOT}/Manifest.lock",
			);
			name = "[CP] Check Pods Manifest.lock";
			outputPaths = (
				"$(DERIVED_FILE_DIR)/Pods-SimpleGallery-checkManifestLockResult.txt",
			);
			runOnlyForDeploymentPostprocessing = 0;
			shellPath = /bin/sh;
			shellScript = "diff \"${PODS_PODFILE_DIR_PATH}/Podfile.lock\" \"${PODS_ROOT}/Manifest.lock\" > /dev/null\nif [ $? != 0 ] ; then\n    # print error to STDERR\n    echo \"error: The sandbox is not in sync with the Podfile.lock. Run 'pod install' or update your CocoaPods installation.\" >&2\n    exit 1\nfi\n# This output is used by Xcode 'outputs' to avoid re-running this script phase.\necho \"SUCCESS\" > \"${SCRIPT_OUTPUT_FILE_0}\"\n";
			showEnvVarsInLog = 0;
		};
/* End PBXShellScriptBuildPhase section */

/* Begin PBXSourcesBuildPhase section */
		68987EF12152DEC800101D23 /* Sources */ = {
			isa = PBXSourcesBuildPhase;
			buildActionMask = 2147483647;
			files = (
				68987F1C2152E1A300101D23 /* NetworkManager.swift in Sources */,
				68987FA221558E9100101D23 /* PhotoViewModel.swift in Sources */,
				68987F272152E40400101D23 /* MoyaNetworkManager.swift in Sources */,
				68987F162152E06900101D23 /* ViewControllerType.swift in Sources */,
				68987F182152E08B00101D23 /* ViewModelProtocol.swift in Sources */,
				68987F9E2155893B00101D23 /* Photo.swift in Sources */,
				68987FAA215594E600101D23 /* PhotoCollectionViewCell.swift in Sources */,
				68987EF92152DEC800101D23 /* AppDelegate.swift in Sources */,
				68987F382153043D00101D23 /* AlbumTableViewCell.swift in Sources */,
				68987F2B2152E7C300101D23 /* AlbumsViewModel.swift in Sources */,
				68987FA621558EAA00101D23 /* PhotosViewModel.swift in Sources */,
				68987F1E2152E1C900101D23 /* Result.swift in Sources */,
				68987F322152F72600101D23 /* Album.swift in Sources */,
				68987F342152F93900101D23 /* AlbumViewModel.swift in Sources */,
				68987FA421558E9C00101D23 /* PhotosViewController.swift in Sources */,
				68987F202152E27A00101D23 /* GalleryAPI.swift in Sources */,
				68987F252152E39000101D23 /* APIConstants.swift in Sources */,
				68987F292152E7B300101D23 /* AlbumsViewController.swift in Sources */,
				68987F3F215307D600101D23 /* NibFilesNames.swift in Sources */,
				68987F142152E05800101D23 /* BaseCoordinator.swift in Sources */,
				68987F012152DEC800101D23 /* SimpleGallery.xcdatamodeld in Sources */,
				68987FAE21559FDB00101D23 /* SDWebImageHelper.swift in Sources */,
				68987F2F2152F15E00101D23 /* AppCoordinator.swift in Sources */,
				68987F2D2152E7D200101D23 /* AlbumsCoordinator.swift in Sources */,
				68987F232152E36E00101D23 /* Constants.swift in Sources */,
				68987FB52155AF6800101D23 /* PhotosCoordinator.swift in Sources */,
			);
			runOnlyForDeploymentPostprocessing = 0;
		};
/* End PBXSourcesBuildPhase section */

/* Begin PBXVariantGroup section */
		68987F042152DEC900101D23 /* LaunchScreen.storyboard */ = {
			isa = PBXVariantGroup;
			children = (
				68987F052152DEC900101D23 /* Base */,
			);
			name = LaunchScreen.storyboard;
			sourceTree = "<group>";
		};
/* End PBXVariantGroup section */

/* Begin XCBuildConfiguration section */
		68987F082152DEC900101D23 /* Debug */ = {
			isa = XCBuildConfiguration;
			buildSettings = {
				ALWAYS_SEARCH_USER_PATHS = NO;
				CLANG_ANALYZER_NONNULL = YES;
				CLANG_ANALYZER_NUMBER_OBJECT_CONVERSION = YES_AGGRESSIVE;
				CLANG_CXX_LANGUAGE_STANDARD = "gnu++14";
				CLANG_CXX_LIBRARY = "libc++";
				CLANG_ENABLE_MODULES = YES;
				CLANG_ENABLE_OBJC_ARC = YES;
				CLANG_ENABLE_OBJC_WEAK = YES;
				CLANG_WARN_BLOCK_CAPTURE_AUTORELEASING = YES;
				CLANG_WARN_BOOL_CONVERSION = YES;
				CLANG_WARN_COMMA = YES;
				CLANG_WARN_CONSTANT_CONVERSION = YES;
				CLANG_WARN_DEPRECATED_OBJC_IMPLEMENTATIONS = YES;
				CLANG_WARN_DIRECT_OBJC_ISA_USAGE = YES_ERROR;
				CLANG_WARN_DOCUMENTATION_COMMENTS = YES;
				CLANG_WARN_EMPTY_BODY = YES;
				CLANG_WARN_ENUM_CONVERSION = YES;
				CLANG_WARN_INFINITE_RECURSION = YES;
				CLANG_WARN_INT_CONVERSION = YES;
				CLANG_WARN_NON_LITERAL_NULL_CONVERSION = YES;
				CLANG_WARN_OBJC_IMPLICIT_RETAIN_SELF = YES;
				CLANG_WARN_OBJC_LITERAL_CONVERSION = YES;
				CLANG_WARN_OBJC_ROOT_CLASS = YES_ERROR;
				CLANG_WARN_RANGE_LOOP_ANALYSIS = YES;
				CLANG_WARN_STRICT_PROTOTYPES = YES;
				CLANG_WARN_SUSPICIOUS_MOVE = YES;
				CLANG_WARN_UNGUARDED_AVAILABILITY = YES_AGGRESSIVE;
				CLANG_WARN_UNREACHABLE_CODE = YES;
				CLANG_WARN__DUPLICATE_METHOD_MATCH = YES;
				CODE_SIGN_IDENTITY = "iPhone Developer";
				COPY_PHASE_STRIP = NO;
				DEBUG_INFORMATION_FORMAT = dwarf;
				ENABLE_STRICT_OBJC_MSGSEND = YES;
				ENABLE_TESTABILITY = YES;
				GCC_C_LANGUAGE_STANDARD = gnu11;
				GCC_DYNAMIC_NO_PIC = NO;
				GCC_NO_COMMON_BLOCKS = YES;
				GCC_OPTIMIZATION_LEVEL = 0;
				GCC_PREPROCESSOR_DEFINITIONS = (
					"DEBUG=1",
					"$(inherited)",
				);
				GCC_WARN_64_TO_32_BIT_CONVERSION = YES;
				GCC_WARN_ABOUT_RETURN_TYPE = YES_ERROR;
				GCC_WARN_UNDECLARED_SELECTOR = YES;
				GCC_WARN_UNINITIALIZED_AUTOS = YES_AGGRESSIVE;
				GCC_WARN_UNUSED_FUNCTION = YES;
				GCC_WARN_UNUSED_VARIABLE = YES;
				IPHONEOS_DEPLOYMENT_TARGET = 11.4;
				MTL_ENABLE_DEBUG_INFO = YES;
				ONLY_ACTIVE_ARCH = YES;
				SDKROOT = iphoneos;
				SWIFT_ACTIVE_COMPILATION_CONDITIONS = DEBUG;
				SWIFT_OPTIMIZATION_LEVEL = "-Onone";
			};
			name = Debug;
		};
		68987F092152DEC900101D23 /* Release */ = {
			isa = XCBuildConfiguration;
			buildSettings = {
				ALWAYS_SEARCH_USER_PATHS = NO;
				CLANG_ANALYZER_NONNULL = YES;
				CLANG_ANALYZER_NUMBER_OBJECT_CONVERSION = YES_AGGRESSIVE;
				CLANG_CXX_LANGUAGE_STANDARD = "gnu++14";
				CLANG_CXX_LIBRARY = "libc++";
				CLANG_ENABLE_MODULES = YES;
				CLANG_ENABLE_OBJC_ARC = YES;
				CLANG_ENABLE_OBJC_WEAK = YES;
				CLANG_WARN_BLOCK_CAPTURE_AUTORELEASING = YES;
				CLANG_WARN_BOOL_CONVERSION = YES;
				CLANG_WARN_COMMA = YES;
				CLANG_WARN_CONSTANT_CONVERSION = YES;
				CLANG_WARN_DEPRECATED_OBJC_IMPLEMENTATIONS = YES;
				CLANG_WARN_DIRECT_OBJC_ISA_USAGE = YES_ERROR;
				CLANG_WARN_DOCUMENTATION_COMMENTS = YES;
				CLANG_WARN_EMPTY_BODY = YES;
				CLANG_WARN_ENUM_CONVERSION = YES;
				CLANG_WARN_INFINITE_RECURSION = YES;
				CLANG_WARN_INT_CONVERSION = YES;
				CLANG_WARN_NON_LITERAL_NULL_CONVERSION = YES;
				CLANG_WARN_OBJC_IMPLICIT_RETAIN_SELF = YES;
				CLANG_WARN_OBJC_LITERAL_CONVERSION = YES;
				CLANG_WARN_OBJC_ROOT_CLASS = YES_ERROR;
				CLANG_WARN_RANGE_LOOP_ANALYSIS = YES;
				CLANG_WARN_STRICT_PROTOTYPES = YES;
				CLANG_WARN_SUSPICIOUS_MOVE = YES;
				CLANG_WARN_UNGUARDED_AVAILABILITY = YES_AGGRESSIVE;
				CLANG_WARN_UNREACHABLE_CODE = YES;
				CLANG_WARN__DUPLICATE_METHOD_MATCH = YES;
				CODE_SIGN_IDENTITY = "iPhone Developer";
				COPY_PHASE_STRIP = NO;
				DEBUG_INFORMATION_FORMAT = "dwarf-with-dsym";
				ENABLE_NS_ASSERTIONS = NO;
				ENABLE_STRICT_OBJC_MSGSEND = YES;
				GCC_C_LANGUAGE_STANDARD = gnu11;
				GCC_NO_COMMON_BLOCKS = YES;
				GCC_WARN_64_TO_32_BIT_CONVERSION = YES;
				GCC_WARN_ABOUT_RETURN_TYPE = YES_ERROR;
				GCC_WARN_UNDECLARED_SELECTOR = YES;
				GCC_WARN_UNINITIALIZED_AUTOS = YES_AGGRESSIVE;
				GCC_WARN_UNUSED_FUNCTION = YES;
				GCC_WARN_UNUSED_VARIABLE = YES;
				IPHONEOS_DEPLOYMENT_TARGET = 11.4;
				MTL_ENABLE_DEBUG_INFO = NO;
				SDKROOT = iphoneos;
				SWIFT_COMPILATION_MODE = wholemodule;
				SWIFT_OPTIMIZATION_LEVEL = "-O";
				VALIDATE_PRODUCT = YES;
			};
			name = Release;
		};
		68987F0B2152DEC900101D23 /* Debug */ = {
			isa = XCBuildConfiguration;
			baseConfigurationReference = 143CA781B4CCA909DA04797D /* Pods-SimpleGallery.debug.xcconfig */;
			buildSettings = {
				ASSETCATALOG_COMPILER_APPICON_NAME = AppIcon;
				CODE_SIGN_STYLE = Automatic;
				DEVELOPMENT_TEAM = 8E332EG7US;
				INFOPLIST_FILE = SimpleGallery/Info.plist;
				LD_RUNPATH_SEARCH_PATHS = (
					"$(inherited)",
					"@executable_path/Frameworks",
				);
				PRODUCT_BUNDLE_IDENTIFIER = com.mycompany.SimpleGallery;
				PRODUCT_NAME = "$(TARGET_NAME)";
				SWIFT_VERSION = 4.0;
				TARGETED_DEVICE_FAMILY = "1,2";
			};
			name = Debug;
		};
		68987F0C2152DEC900101D23 /* Release */ = {
			isa = XCBuildConfiguration;
			baseConfigurationReference = 77DD3951E1D17679B48C46C7 /* Pods-SimpleGallery.release.xcconfig */;
			buildSettings = {
				ASSETCATALOG_COMPILER_APPICON_NAME = AppIcon;
				CODE_SIGN_STYLE = Automatic;
				DEVELOPMENT_TEAM = 8E332EG7US;
				INFOPLIST_FILE = SimpleGallery/Info.plist;
				LD_RUNPATH_SEARCH_PATHS = (
					"$(inherited)",
					"@executable_path/Frameworks",
				);
				PRODUCT_BUNDLE_IDENTIFIER = com.mycompany.SimpleGallery;
				PRODUCT_NAME = "$(TARGET_NAME)";
				SWIFT_VERSION = 4.0;
				TARGETED_DEVICE_FAMILY = "1,2";
			};
			name = Release;
		};
/* End XCBuildConfiguration section */

/* Begin XCConfigurationList section */
		68987EF02152DEC700101D23 /* Build configuration list for PBXProject "SimpleGallery" */ = {
			isa = XCConfigurationList;
			buildConfigurations = (
				68987F082152DEC900101D23 /* Debug */,
				68987F092152DEC900101D23 /* Release */,
			);
			defaultConfigurationIsVisible = 0;
			defaultConfigurationName = Release;
		};
		68987F0A2152DEC900101D23 /* Build configuration list for PBXNativeTarget "SimpleGallery" */ = {
			isa = XCConfigurationList;
			buildConfigurations = (
				68987F0B2152DEC900101D23 /* Debug */,
				68987F0C2152DEC900101D23 /* Release */,
			);
			defaultConfigurationIsVisible = 0;
			defaultConfigurationName = Release;
		};
/* End XCConfigurationList section */

/* Begin XCVersionGroup section */
		68987EFF2152DEC800101D23 /* SimpleGallery.xcdatamodeld */ = {
			isa = XCVersionGroup;
			children = (
				68987F002152DEC800101D23 /* SimpleGallery.xcdatamodel */,
			);
			currentVersion = 68987F002152DEC800101D23 /* SimpleGallery.xcdatamodel */;
			path = SimpleGallery.xcdatamodeld;
			sourceTree = "<group>";
			versionGroupType = wrapper.xcdatamodel;
		};
/* End XCVersionGroup section */
	};
	rootObject = 68987EED2152DEC700101D23 /* Project object */;
}
