// !$*UTF8*$!
{
	archiveVersion = 1;
	classes = {
	};
	objectVersion = 50;
	objects = {

/* Begin PBXBuildFile section */
		68987EF92152DEC800101D23 /* AppDelegate.swift in Sources */ = {isa = PBXBuildFile; fileRef = 68987EF82152DEC800101D23 /* AppDelegate.swift */; };
		68987EFB2152DEC800101D23 /* ViewController.swift in Sources */ = {isa = PBXBuildFile; fileRef = 68987EFA2152DEC800101D23 /* ViewController.swift */; };
		68987EFE2152DEC800101D23 /* Main.storyboard in Resources */ = {isa = PBXBuildFile; fileRef = 68987EFC2152DEC800101D23 /* Main.storyboard */; };
		68987F012152DEC800101D23 /* SimpleGallery.xcdatamodeld in Sources */ = {isa = PBXBuildFile; fileRef = 68987EFF2152DEC800101D23 /* SimpleGallery.xcdatamodeld */; };
		68987F032152DEC900101D23 /* Assets.xcassets in Resources */ = {isa = PBXBuildFile; fileRef = 68987F022152DEC900101D23 /* Assets.xcassets */; };
		68987F062152DEC900101D23 /* LaunchScreen.storyboard in Resources */ = {isa = PBXBuildFile; fileRef = 68987F042152DEC900101D23 /* LaunchScreen.storyboard */; };
/* End PBXBuildFile section */

/* Begin PBXFileReference section */
		68987EF52152DEC800101D23 /* SimpleGallery.app */ = {isa = PBXFileReference; explicitFileType = wrapper.application; includeInIndex = 0; path = SimpleGallery.app; sourceTree = BUILT_PRODUCTS_DIR; };
		68987EF82152DEC800101D23 /* AppDelegate.swift */ = {isa = PBXFileReference; lastKnownFileType = sourcecode.swift; path = AppDelegate.swift; sourceTree = "<group>"; };
		68987EFA2152DEC800101D23 /* ViewController.swift */ = {isa = PBXFileReference; lastKnownFileType = sourcecode.swift; path = ViewController.swift; sourceTree = "<group>"; };
		68987EFD2152DEC800101D23 /* Base */ = {isa = PBXFileReference; lastKnownFileType = file.storyboard; name = Base; path = Base.lproj/Main.storyboard; sourceTree = "<group>"; };
		68987F002152DEC800101D23 /* SimpleGallery.xcdatamodel */ = {isa = PBXFileReference; lastKnownFileType = wrapper.xcdatamodel; path = SimpleGallery.xcdatamodel; sourceTree = "<group>"; };
		68987F022152DEC900101D23 /* Assets.xcassets */ = {isa = PBXFileReference; lastKnownFileType = folder.assetcatalog; path = Assets.xcassets; sourceTree = "<group>"; };
		68987F052152DEC900101D23 /* Base */ = {isa = PBXFileReference; lastKnownFileType = file.storyboard; name = Base; path = Base.lproj/LaunchScreen.storyboard; sourceTree = "<group>"; };
		68987F072152DEC900101D23 /* Info.plist */ = {isa = PBXFileReference; lastKnownFileType = text.plist.xml; path = Info.plist; sourceTree = "<group>"; };
/* End PBXFileReference section */

/* Begin PBXFrameworksBuildPhase section */
		68987EF22152DEC800101D23 /* Frameworks */ = {
			isa = PBXFrameworksBuildPhase;
			buildActionMask = 2147483647;
			files = (
			);
			runOnlyForDeploymentPostprocessing = 0;
		};
/* End PBXFrameworksBuildPhase section */

/* Begin PBXGroup section */
		68987EEC2152DEC700101D23 = {
			isa = PBXGroup;
			children = (
				68987EF72152DEC800101D23 /* SimpleGallery */,
				68987EF62152DEC800101D23 /* Products */,
			);
			sourceTree = "<group>";
		};
		68987EF62152DEC800101D23 /* Products */ = {
			isa = PBXGroup;
			children = (
				68987EF52152DEC800101D23 /* SimpleGallery.app */,
			);
			name = Products;
			sourceTree = "<group>";
		};
		68987EF72152DEC800101D23 /* SimpleGallery */ = {
			isa = PBXGroup;
			children = (
				68987EF82152DEC800101D23 /* AppDelegate.swift */,
				68987EFA2152DEC800101D23 /* ViewController.swift */,
				68987EFC2152DEC800101D23 /* Main.storyboard */,
				68987F022152DEC900101D23 /* Assets.xcassets */,
				68987F042152DEC900101D23 /* LaunchScreen.storyboard */,
				68987F072152DEC900101D23 /* Info.plist */,
				68987EFF2152DEC800101D23 /* SimpleGallery.xcdatamodeld */,
			);
			path = SimpleGallery;
			sourceTree = "<group>";
		};
/* End PBXGroup section */

/* Begin PBXNativeTarget section */
		68987EF42152DEC800101D23 /* SimpleGallery */ = {
			isa = PBXNativeTarget;
			buildConfigurationList = 68987F0A2152DEC900101D23 /* Build configuration list for PBXNativeTarget "SimpleGallery" */;
			buildPhases = (
				68987EF12152DEC800101D23 /* Sources */,
				68987EF22152DEC800101D23 /* Frameworks */,
				68987EF32152DEC800101D23 /* Resources */,
			);
			buildRules = (
			);
			dependencies = (
			);
			name = SimpleGallery;
			productName = SimpleGallery;
			productReference = 68987EF52152DEC800101D23 /* SimpleGallery.app */;
			productType = "com.apple.product-type.application";
		};
/* End PBXNativeTarget section */

/* Begin PBXProject section */
		68987EED2152DEC700101D23 /* Project object */ = {
			isa = PBXProject;
			attributes = {
				LastSwiftUpdateCheck = 0940;
				LastUpgradeCheck = 0940;
				ORGANIZATIONNAME = "Mohamed Abdul-Hameed";
				TargetAttributes = {
					68987EF42152DEC800101D23 = {
						CreatedOnToolsVersion = 9.4.1;
					};
				};
			};
			buildConfigurationList = 68987EF02152DEC700101D23 /* Build configuration list for PBXProject "SimpleGallery" */;
			compatibilityVersion = "Xcode 9.3";
			developmentRegion = en;
			hasScannedForEncodings = 0;
			knownRegions = (
				en,
				Base,
			);
			mainGroup = 68987EEC2152DEC700101D23;
			productRefGroup = 68987EF62152DEC800101D23 /* Products */;
			projectDirPath = "";
			projectRoot = "";
			targets = (
				68987EF42152DEC800101D23 /* SimpleGallery */,
			);
		};
/* End PBXProject section */

/* Begin PBXResourcesBuildPhase section */
		68987EF32152DEC800101D23 /* Resources */ = {
			isa = PBXResourcesBuildPhase;
			buildActionMask = 2147483647;
			files = (
				68987F062152DEC900101D23 /* LaunchScreen.storyboard in Resources */,
				68987F032152DEC900101D23 /* Assets.xcassets in Resources */,
				68987EFE2152DEC800101D23 /* Main.storyboard in Resources */,
			);
			runOnlyForDeploymentPostprocessing = 0;
		};
/* End PBXResourcesBuildPhase section */

/* Begin PBXSourcesBuildPhase section */
		68987EF12152DEC800101D23 /* Sources */ = {
			isa = PBXSourcesBuildPhase;
			buildActionMask = 2147483647;
			files = (
				68987EFB2152DEC800101D23 /* ViewController.swift in Sources */,
				68987EF92152DEC800101D23 /* AppDelegate.swift in Sources */,
				68987F012152DEC800101D23 /* SimpleGallery.xcdatamodeld in Sources */,
			);
			runOnlyForDeploymentPostprocessing = 0;
		};
/* End PBXSourcesBuildPhase section */

/* Begin PBXVariantGroup section */
		68987EFC2152DEC800101D23 /* Main.storyboard */ = {
			isa = PBXVariantGroup;
			children = (
				68987EFD2152DEC800101D23 /* Base */,
			);
			name = Main.storyboard;
			sourceTree = "<group>";
		};
		68987F042152DEC900101D23 /* LaunchScreen.storyboard */ = {
			isa = PBXVariantGroup;
			children = (
				68987F052152DEC900101D23 /* Base */,
			);
			name = LaunchScreen.storyboard;
			sourceTree = "<group>";
		};
/* End PBXVariantGroup section */

/* Begin XCBuildConfiguration section */
		68987F082152DEC900101D23 /* Debug */ = {
			isa = XCBuildConfiguration;
			buildSettings = {
				ALWAYS_SEARCH_USER_PATHS = NO;
				CLANG_ANALYZER_NONNULL = YES;
				CLANG_ANALYZER_NUMBER_OBJECT_CONVERSION = YES_AGGRESSIVE;
				CLANG_CXX_LANGUAGE_STANDARD = "gnu++14";
				CLANG_CXX_LIBRARY = "libc++";
				CLANG_ENABLE_MODULES = YES;
				CLANG_ENABLE_OBJC_ARC = YES;
				CLANG_ENABLE_OBJC_WEAK = YES;
				CLANG_WARN_BLOCK_CAPTURE_AUTORELEASING = YES;
				CLANG_WARN_BOOL_CONVERSION = YES;
				CLANG_WARN_COMMA = YES;
				CLANG_WARN_CONSTANT_CONVERSION = YES;
				CLANG_WARN_DEPRECATED_OBJC_IMPLEMENTATIONS = YES;
				CLANG_WARN_DIRECT_OBJC_ISA_USAGE = YES_ERROR;
				CLANG_WARN_DOCUMENTATION_COMMENTS = YES;
				CLANG_WARN_EMPTY_BODY = YES;
				CLANG_WARN_ENUM_CONVERSION = YES;
				CLANG_WARN_INFINITE_RECURSION = YES;
				CLANG_WARN_INT_CONVERSION = YES;
				CLANG_WARN_NON_LITERAL_NULL_CONVERSION = YES;
				CLANG_WARN_OBJC_IMPLICIT_RETAIN_SELF = YES;
				CLANG_WARN_OBJC_LITERAL_CONVERSION = YES;
				CLANG_WARN_OBJC_ROOT_CLASS = YES_ERROR;
				CLANG_WARN_RANGE_LOOP_ANALYSIS = YES;
				CLANG_WARN_STRICT_PROTOTYPES = YES;
				CLANG_WARN_SUSPICIOUS_MOVE = YES;
				CLANG_WARN_UNGUARDED_AVAILABILITY = YES_AGGRESSIVE;
				CLANG_WARN_UNREACHABLE_CODE = YES;
				CLANG_WARN__DUPLICATE_METHOD_MATCH = YES;
				CODE_SIGN_IDENTITY = "iPhone Developer";
				COPY_PHASE_STRIP = NO;
				DEBUG_INFORMATION_FORMAT = dwarf;
				ENABLE_STRICT_OBJC_MSGSEND = YES;
				ENABLE_TESTABILITY = YES;
				GCC_C_LANGUAGE_STANDARD = gnu11;
				GCC_DYNAMIC_NO_PIC = NO;
				GCC_NO_COMMON_BLOCKS = YES;
				GCC_OPTIMIZATION_LEVEL = 0;
				GCC_PREPROCESSOR_DEFINITIONS = (
					"DEBUG=1",
					"$(inherited)",
				);
				GCC_WARN_64_TO_32_BIT_CONVERSION = YES;
				GCC_WARN_ABOUT_RETURN_TYPE = YES_ERROR;
				GCC_WARN_UNDECLARED_SELECTOR = YES;
				GCC_WARN_UNINITIALIZED_AUTOS = YES_AGGRESSIVE;
				GCC_WARN_UNUSED_FUNCTION = YES;
				GCC_WARN_UNUSED_VARIABLE = YES;
				IPHONEOS_DEPLOYMENT_TARGET = 11.4;
				MTL_ENABLE_DEBUG_INFO = YES;
				ONLY_ACTIVE_ARCH = YES;
				SDKROOT = iphoneos;
				SWIFT_ACTIVE_COMPILATION_CONDITIONS = DEBUG;
				SWIFT_OPTIMIZATION_LEVEL = "-Onone";
			};
			name = Debug;
		};
		68987F092152DEC900101D23 /* Release */ = {
			isa = XCBuildConfiguration;
			buildSettings = {
				ALWAYS_SEARCH_USER_PATHS = NO;
				CLANG_ANALYZER_NONNULL = YES;
				CLANG_ANALYZER_NUMBER_OBJECT_CONVERSION = YES_AGGRESSIVE;
				CLANG_CXX_LANGUAGE_STANDARD = "gnu++14";
				CLANG_CXX_LIBRARY = "libc++";
				CLANG_ENABLE_MODULES = YES;
				CLANG_ENABLE_OBJC_ARC = YES;
				CLANG_ENABLE_OBJC_WEAK = YES;
				CLANG_WARN_BLOCK_CAPTURE_AUTORELEASING = YES;
				CLANG_WARN_BOOL_CONVERSION = YES;
				CLANG_WARN_COMMA = YES;
				CLANG_WARN_CONSTANT_CONVERSION = YES;
				CLANG_WARN_DEPRECATED_OBJC_IMPLEMENTATIONS = YES;
				CLANG_WARN_DIRECT_OBJC_ISA_USAGE = YES_ERROR;
				CLANG_WARN_DOCUMENTATION_COMMENTS = YES;
				CLANG_WARN_EMPTY_BODY = YES;
				CLANG_WARN_ENUM_CONVERSION = YES;
				CLANG_WARN_INFINITE_RECURSION = YES;
				CLANG_WARN_INT_CONVERSION = YES;
				CLANG_WARN_NON_LITERAL_NULL_CONVERSION = YES;
				CLANG_WARN_OBJC_IMPLICIT_RETAIN_SELF = YES;
				CLANG_WARN_OBJC_LITERAL_CONVERSION = YES;
				CLANG_WARN_OBJC_ROOT_CLASS = YES_ERROR;
				CLANG_WARN_RANGE_LOOP_ANALYSIS = YES;
				CLANG_WARN_STRICT_PROTOTYPES = YES;
				CLANG_WARN_SUSPICIOUS_MOVE = YES;
				CLANG_WARN_UNGUARDED_AVAILABILITY = YES_AGGRESSIVE;
				CLANG_WARN_UNREACHABLE_CODE = YES;
				CLANG_WARN__DUPLICATE_METHOD_MATCH = YES;
				CODE_SIGN_IDENTITY = "iPhone Developer";
				COPY_PHASE_STRIP = NO;
				DEBUG_INFORMATION_FORMAT = "dwarf-with-dsym";
				ENABLE_NS_ASSERTIONS = NO;
				ENABLE_STRICT_OBJC_MSGSEND = YES;
				GCC_C_LANGUAGE_STANDARD = gnu11;
				GCC_NO_COMMON_BLOCKS = YES;
				GCC_WARN_64_TO_32_BIT_CONVERSION = YES;
				GCC_WARN_ABOUT_RETURN_TYPE = YES_ERROR;
				GCC_WARN_UNDECLARED_SELECTOR = YES;
				GCC_WARN_UNINITIALIZED_AUTOS = YES_AGGRESSIVE;
				GCC_WARN_UNUSED_FUNCTION = YES;
				GCC_WARN_UNUSED_VARIABLE = YES;
				IPHONEOS_DEPLOYMENT_TARGET = 11.4;
				MTL_ENABLE_DEBUG_INFO = NO;
				SDKROOT = iphoneos;
				SWIFT_COMPILATION_MODE = wholemodule;
				SWIFT_OPTIMIZATION_LEVEL = "-O";
				VALIDATE_PRODUCT = YES;
			};
			name = Release;
		};
		68987F0B2152DEC900101D23 /* Debug */ = {
			isa = XCBuildConfiguration;
			buildSettings = {
				ASSETCATALOG_COMPILER_APPICON_NAME = AppIcon;
				CODE_SIGN_STYLE = Automatic;
				DEVELOPMENT_TEAM = 8E332EG7US;
				INFOPLIST_FILE = SimpleGallery/Info.plist;
				LD_RUNPATH_SEARCH_PATHS = (
					"$(inherited)",
					"@executable_path/Frameworks",
				);
				PRODUCT_BUNDLE_IDENTIFIER = com.mycompany.SimpleGallery;
				PRODUCT_NAME = "$(TARGET_NAME)";
				SWIFT_VERSION = 4.0;
				TARGETED_DEVICE_FAMILY = "1,2";
			};
			name = Debug;
		};
		68987F0C2152DEC900101D23 /* Release */ = {
			isa = XCBuildConfiguration;
			buildSettings = {
				ASSETCATALOG_COMPILER_APPICON_NAME = AppIcon;
				CODE_SIGN_STYLE = Automatic;
				DEVELOPMENT_TEAM = 8E332EG7US;
				INFOPLIST_FILE = SimpleGallery/Info.plist;
				LD_RUNPATH_SEARCH_PATHS = (
					"$(inherited)",
					"@executable_path/Frameworks",
				);
				PRODUCT_BUNDLE_IDENTIFIER = com.mycompany.SimpleGallery;
				PRODUCT_NAME = "$(TARGET_NAME)";
				SWIFT_VERSION = 4.0;
				TARGETED_DEVICE_FAMILY = "1,2";
			};
			name = Release;
		};
/* End XCBuildConfiguration section */

/* Begin XCConfigurationList section */
		68987EF02152DEC700101D23 /* Build configuration list for PBXProject "SimpleGallery" */ = {
			isa = XCConfigurationList;
			buildConfigurations = (
				68987F082152DEC900101D23 /* Debug */,
				68987F092152DEC900101D23 /* Release */,
			);
			defaultConfigurationIsVisible = 0;
			defaultConfigurationName = Release;
		};
		68987F0A2152DEC900101D23 /* Build configuration list for PBXNativeTarget "SimpleGallery" */ = {
			isa = XCConfigurationList;
			buildConfigurations = (
				68987F0B2152DEC900101D23 /* Debug */,
				68987F0C2152DEC900101D23 /* Release */,
			);
			defaultConfigurationIsVisible = 0;
			defaultConfigurationName = Release;
		};
/* End XCConfigurationList section */

/* Begin XCVersionGroup section */
		68987EFF2152DEC800101D23 /* SimpleGallery.xcdatamodeld */ = {
			isa = XCVersionGroup;
			children = (
				68987F002152DEC800101D23 /* SimpleGallery.xcdatamodel */,
			);
			currentVersion = 68987F002152DEC800101D23 /* SimpleGallery.xcdatamodel */;
			path = SimpleGallery.xcdatamodeld;
			sourceTree = "<group>";
			versionGroupType = wrapper.xcdatamodel;
		};
/* End XCVersionGroup section */
	};
	rootObject = 68987EED2152DEC700101D23 /* Project object */;
}
